
Microsoft Visual Studio Solution File, Format Version 12.00
# Visual Studio 15
VisualStudioVersion = 15.0.26430.14
MinimumVisualStudioVersion = 10.0.40219.1
Project("{FAE04EC0-301F-11D3-BF4B-00C04F79EFBC}") = "DealHunter", "DealHunter\DealHunter.csproj", "{80BA760E-9538-42E1-ABC3-029FDD553646}"
EndProject
Project("{8BC9CEB8-8B4A-11D0-8D11-00A0C91BC942}") = "DbTransdll", "DbTransdll\DbTransdll.vcxproj", "{3131A723-EB54-43ED-93C6-A2B985EFCB48}"
EndProject
Project("{FAE04EC0-301F-11D3-BF4B-00C04F79EFBC}") = "DealModeldll", "DealModeldll\DealModeldll.csproj", "{06FD79F2-B158-4C8A-9A10-486E8F76AE22}"
EndProject
Project("{FAE04EC0-301F-11D3-BF4B-00C04F79EFBC}") = "MD5Encryptdll", "MD5Encrypt\MD5Encryptdll.csproj", "{CEAC4356-365C-4D01-9C68-BBA8E2227FAD}"
EndProject
Project("{FAE04EC0-301F-11D3-BF4B-00C04F79EFBC}") = "EFOperationdll", "EFOperationdll\EFOperationdll.csproj", "{B864DDE1-865E-4FAA-ACCB-CF5979322098}"
EndProject
Project("{FAE04EC0-301F-11D3-BF4B-00C04F79EFBC}") = "SqlOperation", "SqlOperation\SqlOperation.csproj", "{68913AD4-C3EA-4A9B-AA35-696AF6D729C7}"
EndProject
Global
	GlobalSection(SolutionConfigurationPlatforms) = preSolution
		Debug|Any CPU = Debug|Any CPU
		Debug|x64 = Debug|x64
		Debug|x86 = Debug|x86
		Release|Any CPU = Release|Any CPU
		Release|x64 = Release|x64
		Release|x86 = Release|x86
	EndGlobalSection
	GlobalSection(ProjectConfigurationPlatforms) = postSolution
		{80BA760E-9538-42E1-ABC3-029FDD553646}.Debug|Any CPU.ActiveCfg = Debug|Any CPU
		{80BA760E-9538-42E1-ABC3-029FDD553646}.Debug|Any CPU.Build.0 = Debug|Any CPU
		{80BA760E-9538-42E1-ABC3-029FDD553646}.Debug|x64.ActiveCfg = Debug|Any CPU
		{80BA760E-9538-42E1-ABC3-029FDD553646}.Debug|x64.Build.0 = Debug|Any CPU
		{80BA760E-9538-42E1-ABC3-029FDD553646}.Debug|x86.ActiveCfg = Debug|Any CPU
		{80BA760E-9538-42E1-ABC3-029FDD553646}.Debug|x86.Build.0 = Debug|Any CPU
		{80BA760E-9538-42E1-ABC3-029FDD553646}.Release|Any CPU.ActiveCfg = Release|Any CPU
		{80BA760E-9538-42E1-ABC3-029FDD553646}.Release|Any CPU.Build.0 = Release|Any CPU
		{80BA760E-9538-42E1-ABC3-029FDD553646}.Release|x64.ActiveCfg = Release|Any CPU
		{80BA760E-9538-42E1-ABC3-029FDD553646}.Release|x64.Build.0 = Release|Any CPU
		{80BA760E-9538-42E1-ABC3-029FDD553646}.Release|x86.ActiveCfg = Release|Any CPU
		{80BA760E-9538-42E1-ABC3-029FDD553646}.Release|x86.Build.0 = Release|Any CPU
		{3131A723-EB54-43ED-93C6-A2B985EFCB48}.Debug|Any CPU.ActiveCfg = Debug|Win32
		{3131A723-EB54-43ED-93C6-A2B985EFCB48}.Debug|x64.ActiveCfg = Debug|x64
		{3131A723-EB54-43ED-93C6-A2B985EFCB48}.Debug|x64.Build.0 = Debug|x64
		{3131A723-EB54-43ED-93C6-A2B985EFCB48}.Debug|x86.ActiveCfg = Debug|Win32
		{3131A723-EB54-43ED-93C6-A2B985EFCB48}.Debug|x86.Build.0 = Debug|Win32
		{3131A723-EB54-43ED-93C6-A2B985EFCB48}.Release|Any CPU.ActiveCfg = Release|Win32
		{3131A723-EB54-43ED-93C6-A2B985EFCB48}.Release|x64.ActiveCfg = Release|x64
		{3131A723-EB54-43ED-93C6-A2B985EFCB48}.Release|x64.Build.0 = Release|x64
		{3131A723-EB54-43ED-93C6-A2B985EFCB48}.Release|x86.ActiveCfg = Release|Win32
		{3131A723-EB54-43ED-93C6-A2B985EFCB48}.Release|x86.Build.0 = Release|Win32
		{06FD79F2-B158-4C8A-9A10-486E8F76AE22}.Debug|Any CPU.ActiveCfg = Debug|Any CPU
		{06FD79F2-B158-4C8A-9A10-486E8F76AE22}.Debug|Any CPU.Build.0 = Debug|Any CPU
		{06FD79F2-B158-4C8A-9A10-486E8F76AE22}.Debug|x64.ActiveCfg = Debug|Any CPU
		{06FD79F2-B158-4C8A-9A10-486E8F76AE22}.Debug|x64.Build.0 = Debug|Any CPU
		{06FD79F2-B158-4C8A-9A10-486E8F76AE22}.Debug|x86.ActiveCfg = Debug|Any CPU
		{06FD79F2-B158-4C8A-9A10-486E8F76AE22}.Debug|x86.Build.0 = Debug|Any CPU
		{06FD79F2-B158-4C8A-9A10-486E8F76AE22}.Release|Any CPU.ActiveCfg = Release|Any CPU
		{06FD79F2-B158-4C8A-9A10-486E8F76AE22}.Release|Any CPU.Build.0 = Release|Any CPU
		{06FD79F2-B158-4C8A-9A10-486E8F76AE22}.Release|x64.ActiveCfg = Release|Any CPU
		{06FD79F2-B158-4C8A-9A10-486E8F76AE22}.Release|x64.Build.0 = Release|Any CPU
		{06FD79F2-B158-4C8A-9A10-486E8F76AE22}.Release|x86.ActiveCfg = Release|Any CPU
		{06FD79F2-B158-4C8A-9A10-486E8F76AE22}.Release|x86.Build.0 = Release|Any CPU
		{CEAC4356-365C-4D01-9C68-BBA8E2227FAD}.Debug|Any CPU.ActiveCfg = Debug|Any CPU
		{CEAC4356-365C-4D01-9C68-BBA8E2227FAD}.Debug|Any CPU.Build.0 = Debug|Any CPU
		{CEAC4356-365C-4D01-9C68-BBA8E2227FAD}.Debug|x64.ActiveCfg = Debug|Any CPU
		{CEAC4356-365C-4D01-9C68-BBA8E2227FAD}.Debug|x64.Build.0 = Debug|Any CPU
		{CEAC4356-365C-4D01-9C68-BBA8E2227FAD}.Debug|x86.ActiveCfg = Debug|Any CPU
		{CEAC4356-365C-4D01-9C68-BBA8E2227FAD}.Debug|x86.Build.0 = Debug|Any CPU
		{CEAC4356-365C-4D01-9C68-BBA8E2227FAD}.Release|Any CPU.ActiveCfg = Release|Any CPU
		{CEAC4356-365C-4D01-9C68-BBA8E2227FAD}.Release|Any CPU.Build.0 = Release|Any CPU
		{CEAC4356-365C-4D01-9C68-BBA8E2227FAD}.Release|x64.ActiveCfg = Release|Any CPU
		{CEAC4356-365C-4D01-9C68-BBA8E2227FAD}.Release|x64.Build.0 = Release|Any CPU
		{CEAC4356-365C-4D01-9C68-BBA8E2227FAD}.Release|x86.ActiveCfg = Release|Any CPU
		{CEAC4356-365C-4D01-9C68-BBA8E2227FAD}.Release|x86.Build.0 = Release|Any CPU
		{B864DDE1-865E-4FAA-ACCB-CF5979322098}.Debug|Any CPU.ActiveCfg = Debug|Any CPU
		{B864DDE1-865E-4FAA-ACCB-CF5979322098}.Debug|Any CPU.Build.0 = Debug|Any CPU
		{B864DDE1-865E-4FAA-ACCB-CF5979322098}.Debug|x64.ActiveCfg = Debug|Any CPU
		{B864DDE1-865E-4FAA-ACCB-CF5979322098}.Debug|x64.Build.0 = Debug|Any CPU
		{B864DDE1-865E-4FAA-ACCB-CF5979322098}.Debug|x86.ActiveCfg = Debug|Any CPU
		{B864DDE1-865E-4FAA-ACCB-CF5979322098}.Debug|x86.Build.0 = Debug|Any CPU
		{B864DDE1-865E-4FAA-ACCB-CF5979322098}.Release|Any CPU.ActiveCfg = Release|Any CPU
		{B864DDE1-865E-4FAA-ACCB-CF5979322098}.Release|Any CPU.Build.0 = Release|Any CPU
		{B864DDE1-865E-4FAA-ACCB-CF5979322098}.Release|x64.ActiveCfg = Release|Any CPU
		{B864DDE1-865E-4FAA-ACCB-CF5979322098}.Release|x64.Build.0 = Release|Any CPU
		{B864DDE1-865E-4FAA-ACCB-CF5979322098}.Release|x86.ActiveCfg = Release|Any CPU
		{B864DDE1-865E-4FAA-ACCB-CF5979322098}.Release|x86.Build.0 = Release|Any CPU
		{68913AD4-C3EA-4A9B-AA35-696AF6D729C7}.Debug|Any CPU.ActiveCfg = Debug|Any CPU
		{68913AD4-C3EA-4A9B-AA35-696AF6D729C7}.Debug|Any CPU.Build.0 = Debug|Any CPU
		{68913AD4-C3EA-4A9B-AA35-696AF6D729C7}.Debug|x64.ActiveCfg = Debug|Any CPU
		{68913AD4-C3EA-4A9B-AA35-696AF6D729C7}.Debug|x64.Build.0 = Debug|Any CPU
		{68913AD4-C3EA-4A9B-AA35-696AF6D729C7}.Debug|x86.ActiveCfg = Debug|Any CPU
		{68913AD4-C3EA-4A9B-AA35-696AF6D729C7}.Debug|x86.Build.0 = Debug|Any CPU
		{68913AD4-C3EA-4A9B-AA35-696AF6D729C7}.Release|Any CPU.ActiveCfg = Release|Any CPU
		{68913AD4-C3EA-4A9B-AA35-696AF6D729C7}.Release|Any CPU.Build.0 = Release|Any CPU
		{68913AD4-C3EA-4A9B-AA35-696AF6D729C7}.Release|x64.ActiveCfg = Release|Any CPU
		{68913AD4-C3EA-4A9B-AA35-696AF6D729C7}.Release|x64.Build.0 = Release|Any CPU
		{68913AD4-C3EA-4A9B-AA35-696AF6D729C7}.Release|x86.ActiveCfg = Release|Any CPU
		{68913AD4-C3EA-4A9B-AA35-696AF6D729C7}.Release|x86.Build.0 = Release|Any CPU
	EndGlobalSection
	GlobalSection(SolutionProperties) = preSolution
		HideSolutionNode = FALSE
	EndGlobalSection
EndGlobal
